
Microsoft Visual Studio Solution File, Format Version 12.00
# Visual Studio Version 16
VisualStudioVersion = 16.0.31205.134
MinimumVisualStudioVersion = 10.0.40219.1
Project("{8BC9CEB8-8B4A-11D0-8D11-00A0C91BC942}") = "STL", "STL\STL.vcxproj", "{FC336923-722E-438B-9308-B22C0B070634}"
EndProject
Project("{8BC9CEB8-8B4A-11D0-8D11-00A0C91BC942}") = "Lists", "Lists\Lists.vcxproj", "{4E22A615-E4FF-4AB8-AFB1-05937FC48084}"
EndProject
Project("{8BC9CEB8-8B4A-11D0-8D11-00A0C91BC942}") = "AssociativeContainers", "AssociativeContainers\AssociativeContainers.vcxproj", "{BD31AC55-44FD-440A-BF52-7A59353FB449}"
EndProject
Project("{8BC9CEB8-8B4A-11D0-8D11-00A0C91BC942}") = "PoliceBase", "PoliceBase\PoliceBase.vcxproj", "{2908B3F2-AF4D-4D70-A1FE-753F17AB032A}"
EndProject
Project("{8BC9CEB8-8B4A-11D0-8D11-00A0C91BC942}") = "File", "File\File.vcxproj", "{498AD35C-6E15-41E0-ADDA-24ECE1BB6E1E}"
EndProject
Project("{8BC9CEB8-8B4A-11D0-8D11-00A0C91BC942}") = "Network", "Network\Network.vcxproj", "{15A915EA-71D8-41E8-9247-CBBB287EC216}"
EndProject
Global
	GlobalSection(SolutionConfigurationPlatforms) = preSolution
		Debug|x64 = Debug|x64
		Debug|x86 = Debug|x86
		Release|x64 = Release|x64
		Release|x86 = Release|x86
	EndGlobalSection
	GlobalSection(ProjectConfigurationPlatforms) = postSolution
		{FC336923-722E-438B-9308-B22C0B070634}.Debug|x64.ActiveCfg = Debug|x64
		{FC336923-722E-438B-9308-B22C0B070634}.Debug|x64.Build.0 = Debug|x64
		{FC336923-722E-438B-9308-B22C0B070634}.Debug|x86.ActiveCfg = Debug|Win32
		{FC336923-722E-438B-9308-B22C0B070634}.Debug|x86.Build.0 = Debug|Win32
		{FC336923-722E-438B-9308-B22C0B070634}.Release|x64.ActiveCfg = Release|x64
		{FC336923-722E-438B-9308-B22C0B070634}.Release|x64.Build.0 = Release|x64
		{FC336923-722E-438B-9308-B22C0B070634}.Release|x86.ActiveCfg = Release|Win32
		{FC336923-722E-438B-9308-B22C0B070634}.Release|x86.Build.0 = Release|Win32
		{4E22A615-E4FF-4AB8-AFB1-05937FC48084}.Debug|x64.ActiveCfg = Debug|x64
		{4E22A615-E4FF-4AB8-AFB1-05937FC48084}.Debug|x64.Build.0 = Debug|x64
		{4E22A615-E4FF-4AB8-AFB1-05937FC48084}.Debug|x86.ActiveCfg = Debug|Win32
		{4E22A615-E4FF-4AB8-AFB1-05937FC48084}.Debug|x86.Build.0 = Debug|Win32
		{4E22A615-E4FF-4AB8-AFB1-05937FC48084}.Release|x64.ActiveCfg = Release|x64
		{4E22A615-E4FF-4AB8-AFB1-05937FC48084}.Release|x64.Build.0 = Release|x64
		{4E22A615-E4FF-4AB8-AFB1-05937FC48084}.Release|x86.ActiveCfg = Release|Win32
		{4E22A615-E4FF-4AB8-AFB1-05937FC48084}.Release|x86.Build.0 = Release|Win32
		{BD31AC55-44FD-440A-BF52-7A59353FB449}.Debug|x64.ActiveCfg = Debug|x64
		{BD31AC55-44FD-440A-BF52-7A59353FB449}.Debug|x64.Build.0 = Debug|x64
		{BD31AC55-44FD-440A-BF52-7A59353FB449}.Debug|x86.ActiveCfg = Debug|Win32
		{BD31AC55-44FD-440A-BF52-7A59353FB449}.Debug|x86.Build.0 = Debug|Win32
		{BD31AC55-44FD-440A-BF52-7A59353FB449}.Release|x64.ActiveCfg = Release|x64
		{BD31AC55-44FD-440A-BF52-7A59353FB449}.Release|x64.Build.0 = Release|x64
		{BD31AC55-44FD-440A-BF52-7A59353FB449}.Release|x86.ActiveCfg = Release|Win32
		{BD31AC55-44FD-440A-BF52-7A59353FB449}.Release|x86.Build.0 = Release|Win32
		{2908B3F2-AF4D-4D70-A1FE-753F17AB032A}.Debug|x64.ActiveCfg = Debug|x64
		{2908B3F2-AF4D-4D70-A1FE-753F17AB032A}.Debug|x64.Build.0 = Debug|x64
		{2908B3F2-AF4D-4D70-A1FE-753F17AB032A}.Debug|x86.ActiveCfg = Debug|Win32
		{2908B3F2-AF4D-4D70-A1FE-753F17AB032A}.Debug|x86.Build.0 = Debug|Win32
		{2908B3F2-AF4D-4D70-A1FE-753F17AB032A}.Release|x64.ActiveCfg = Release|x64
		{2908B3F2-AF4D-4D70-A1FE-753F17AB032A}.Release|x64.Build.0 = Release|x64
		{2908B3F2-AF4D-4D70-A1FE-753F17AB032A}.Release|x86.ActiveCfg = Release|Win32
		{2908B3F2-AF4D-4D70-A1FE-753F17AB032A}.Release|x86.Build.0 = Release|Win32
		{498AD35C-6E15-41E0-ADDA-24ECE1BB6E1E}.Debug|x64.ActiveCfg = Debug|x64
		{498AD35C-6E15-41E0-ADDA-24ECE1BB6E1E}.Debug|x64.Build.0 = Debug|x64
		{498AD35C-6E15-41E0-ADDA-24ECE1BB6E1E}.Debug|x86.ActiveCfg = Debug|Win32
		{498AD35C-6E15-41E0-ADDA-24ECE1BB6E1E}.Debug|x86.Build.0 = Debug|Win32
		{498AD35C-6E15-41E0-ADDA-24ECE1BB6E1E}.Release|x64.ActiveCfg = Release|x64
		{498AD35C-6E15-41E0-ADDA-24ECE1BB6E1E}.Release|x64.Build.0 = Release|x64
		{498AD35C-6E15-41E0-ADDA-24ECE1BB6E1E}.Release|x86.ActiveCfg = Release|Win32
		{498AD35C-6E15-41E0-ADDA-24ECE1BB6E1E}.Release|x86.Build.0 = Release|Win32
		{15A915EA-71D8-41E8-9247-CBBB287EC216}.Debug|x64.ActiveCfg = Debug|x64
		{15A915EA-71D8-41E8-9247-CBBB287EC216}.Debug|x64.Build.0 = Debug|x64
		{15A915EA-71D8-41E8-9247-CBBB287EC216}.Debug|x86.ActiveCfg = Debug|Win32
		{15A915EA-71D8-41E8-9247-CBBB287EC216}.Debug|x86.Build.0 = Debug|Win32
		{15A915EA-71D8-41E8-9247-CBBB287EC216}.Release|x64.ActiveCfg = Release|x64
		{15A915EA-71D8-41E8-9247-CBBB287EC216}.Release|x64.Build.0 = Release|x64
		{15A915EA-71D8-41E8-9247-CBBB287EC216}.Release|x86.ActiveCfg = Release|Win32
		{15A915EA-71D8-41E8-9247-CBBB287EC216}.Release|x86.Build.0 = Release|Win32
	EndGlobalSection
	GlobalSection(SolutionProperties) = preSolution
		HideSolutionNode = FALSE
	EndGlobalSection
	GlobalSection(ExtensibilityGlobals) = postSolution
		SolutionGuid = {B6E38013-1458-4E48-A67E-53DCEB9147DA}
	EndGlobalSection
EndGlobal
